# @generated - this file is auto-generated by `mise lock` https://mise.jdx.dev/dev-tools/mise-lock.html

[[tools."aqua:a-h/templ"]]
version = "0.3.1020"
backend = "aqua:a-h/templ"

[tools."aqua:a-h/templ"."platforms.linux-arm64"]
checksum = "sha256:8d38728fa82c0ee568d2ae1ce0720963402d384dd59d4c76bcdbb38d581c815c"
url = "https://github.com/a-h/templ/releases/download/v0.3.1020/templ_Linux_arm64.tar.gz"

[tools."aqua:a-h/templ"."platforms.linux-arm64-musl"]
checksum = "sha256:8d38728fa82c0ee568d2ae1ce0720963402d384dd59d4c76bcdbb38d581c815c"
url = "https://github.com/a-h/templ/releases/download/v0.3.1020/templ_Linux_arm64.tar.gz"

[tools."aqua:a-h/templ"."platforms.linux-x64"]
checksum = "sha256:d1e726e8e78a6cf7e1e72ce3746f30fd94ec0eba10be1abab02208a41efc9aa5"
url = "https://github.com/a-h/templ/releases/download/v0.3.1020/templ_Linux_x86_64.tar.gz"

[tools."aqua:a-h/templ"."platforms.linux-x64-musl"]
checksum = "sha256:d1e726e8e78a6cf7e1e72ce3746f30fd94ec0eba10be1abab02208a41efc9aa5"
url = "https://github.com/a-h/templ/releases/download/v0.3.1020/templ_Linux_x86_64.tar.gz"

[tools."aqua:a-h/templ"."platforms.macos-arm64"]
checksum = "sha256:f391943e3e49ece301f90c2283c7f9e629081f18b0b3ab6b48cb4b87ad94b206"
url = "https://github.com/a-h/templ/releases/download/v0.3.1020/templ_Darwin_arm64.tar.gz"

[tools."aqua:a-h/templ"."platforms.macos-x64"]
checksum = "sha256:f1522f2558081335584fd4fb67d329d02a9ae6e83dd88b14cae1ad84c770e5c0"
url = "https://github.com/a-h/templ/releases/download/v0.3.1020/templ_Darwin_x86_64.tar.gz"

[tools."aqua:a-h/templ"."platforms.windows-x64"]
checksum = "sha256:12a82ef5827c19c1d66f7e13973995a68846aa3efe770c37fb5546c7d0d78718"
url = "https://github.com/a-h/templ/releases/download/v0.3.1020/templ_Windows_x86_64.tar.gz"

[[tools.go]]
version = "1.26.0"
backend = "core:go"

[tools.go."platforms.linux-arm64"]
checksum = "sha256:bd03b743eb6eb4193ea3c3fd3956546bf0e3ca5b7076c8226334afe6b75704cd"
url = "https://dl.google.com/go/go1.26.0.linux-arm64.tar.gz"

[tools.go."platforms.linux-arm64-musl"]
checksum = "sha256:bd03b743eb6eb4193ea3c3fd3956546bf0e3ca5b7076c8226334afe6b75704cd"
url = "https://dl.google.com/go/go1.26.0.linux-arm64.tar.gz"

[tools.go."platforms.linux-x64"]
checksum = "sha256:aac1b08a0fb0c4e0a7c1555beb7b59180b05dfc5a3d62e40e9de90cd42f88235"
url = "https://dl.google.com/go/go1.26.0.linux-amd64.tar.gz"

[tools.go."platforms.linux-x64-musl"]
checksum = "sha256:aac1b08a0fb0c4e0a7c1555beb7b59180b05dfc5a3d62e40e9de90cd42f88235"
url = "https://dl.google.com/go/go1.26.0.linux-amd64.tar.gz"

[tools.go."platforms.macos-arm64"]
checksum = "sha256:b1640525dfe68f066d56f200bef7bf4dce955a1a893bd061de6754c211431023"
url = "https://dl.google.com/go/go1.26.0.darwin-arm64.tar.gz"

[tools.go."platforms.macos-x64"]
checksum = "sha256:1ca28b7703cbea05a65b2a1d92d6b308610ef92f8824578a0874f2e60c9d5a22"
url = "https://dl.google.com/go/go1.26.0.darwin-amd64.tar.gz"

[tools.go."platforms.windows-x64"]
checksum = "sha256:9bbe0fc64236b2b51f6255c05c4232532b8ecc0e6d2e00950bd3021d8a4d07d4"
url = "https://dl.google.com/go/go1.26.0.windows-amd64.zip"

[[tools.sqlc]]
version = "1.31.1"
backend = "github:sqlc-dev/sqlc"

[tools.sqlc."platforms.linux-arm64"]
checksum = "sha256:b7cae247740d0c51a1e657479e5b2d21e6fef428f596682a01bc55bf4ab8a23d"
url = "https://github.com/sqlc-dev/sqlc/releases/download/v1.31.1/sqlc_1.31.1_linux_arm64.tar.gz"
url_api = "https://api.github.com/repos/sqlc-dev/sqlc/releases/assets/402611988"

[tools.sqlc."platforms.linux-arm64-musl"]
checksum = "sha256:b7cae247740d0c51a1e657479e5b2d21e6fef428f596682a01bc55bf4ab8a23d"
url = "https://github.com/sqlc-dev/sqlc/releases/download/v1.31.1/sqlc_1.31.1_linux_arm64.tar.gz"
url_api = "https://api.github.com/repos/sqlc-dev/sqlc/releases/assets/402611988"

[tools.sqlc."platforms.linux-x64"]
checksum = "sha256:497ae4fcdfa64c5b0c311ffe4c2bd991e43991e82e5367792ed78bc2dca27354"
url = "https://github.com/sqlc-dev/sqlc/releases/download/v1.31.1/sqlc_1.31.1_linux_amd64.tar.gz"
url_api = "https://api.github.com/repos/sqlc-dev/sqlc/releases/assets/402611992"

[tools.sqlc."platforms.linux-x64-musl"]
checksum = "sha256:497ae4fcdfa64c5b0c311ffe4c2bd991e43991e82e5367792ed78bc2dca27354"
url = "https://github.com/sqlc-dev/sqlc/releases/download/v1.31.1/sqlc_1.31.1_linux_amd64.tar.gz"
url_api = "https://api.github.com/repos/sqlc-dev/sqlc/releases/assets/402611992"

[tools.sqlc."platforms.macos-arm64"]
checksum = "sha256:21602158c99eb1f2bae197a66abfb1941d1e9e50b23125bb193349c6b1acc71e"
url = "https://github.com/sqlc-dev/sqlc/releases/download/v1.31.1/sqlc_1.31.1_darwin_arm64.tar.gz"
url_api = "https://api.github.com/repos/sqlc-dev/sqlc/releases/assets/402611984"

[tools.sqlc."platforms.macos-x64"]
checksum = "sha256:c5af76772e3785d21663a62697056b383f07629979b1bd25b93872e73dbd519b"
url = "https://github.com/sqlc-dev/sqlc/releases/download/v1.31.1/sqlc_1.31.1_darwin_amd64.tar.gz"
url_api = "https://api.github.com/repos/sqlc-dev/sqlc/releases/assets/402611989"

[tools.sqlc."platforms.windows-x64"]
checksum = "sha256:352711fa7dcb05dcdfefca0ad71b2c9a74fd090f8d7fc609419de4cbc725429f"
url = "https://github.com/sqlc-dev/sqlc/releases/download/v1.31.1/sqlc_1.31.1_windows_amd64.zip"
url_api = "https://api.github.com/repos/sqlc-dev/sqlc/releases/assets/402612157"
